Microsoft Visual Studio Solution File, Format Version 11.00
# Visual Studio 2008

Project("{84853CA1-6F50-3CFE-CE10-EE3730E9FDDD}") = "IdleDogecoinMiner", "Assembly-CSharp.csproj", "{53FFAF6D-99B5-82E7-B126-54E6AD2D131F}"
EndProject
Global
	GlobalSection(SolutionConfigurationPlatforms) = preSolution
		Debug|Any CPU = Debug|Any CPU
		Release|Any CPU = Release|Any CPU
	EndGlobalSection
	GlobalSection(ProjectConfigurationPlatforms) = postSolution
		{53FFAF6D-99B5-82E7-B126-54E6AD2D131F}.Debug|Any CPU.ActiveCfg = Debug|Any CPU
		{53FFAF6D-99B5-82E7-B126-54E6AD2D131F}.Debug|Any CPU.Build.0 = Debug|Any CPU
		{53FFAF6D-99B5-82E7-B126-54E6AD2D131F}.Release|Any CPU.ActiveCfg = Release|Any CPU
		{53FFAF6D-99B5-82E7-B126-54E6AD2D131F}.Release|Any CPU.Build.0 = Release|Any CPU
	EndGlobalSection
	GlobalSection(SolutionProperties) = preSolution
		HideSolutionNode = FALSE
	EndGlobalSection
	GlobalSection(MonoDevelopProperties) = preSolution
		StartupItem = Assembly-CSharp.csproj
	EndGlobalSection
EndGlobal
